
Microsoft Visual Studio Solution File, Format Version 12.00
# Visual Studio Version 17
VisualStudioVersion = 17.3.32901.215
MinimumVisualStudioVersion = 10.0.40219.1
Project("{FAE04EC0-301F-11D3-BF4B-00C04F79EFBC}") = "Interpreter", "Interpreter.csproj", "{C844FB96-C664-4E92-9A8D-EF4E5842F86E}"
EndProject
Global
	GlobalSection(SolutionConfigurationPlatforms) = preSolution
		Debug|Any CPU = Debug|Any CPU
		Release|Any CPU = Release|Any CPU
	EndGlobalSection
	GlobalSection(ProjectConfigurationPlatforms) = postSolution
		{C844FB96-C664-4E92-9A8D-EF4E5842F86E}.Debug|Any CPU.ActiveCfg = Debug|Any CPU
		{C844FB96-C664-4E92-9A8D-EF4E5842F86E}.Debug|Any CPU.Build.0 = Debug|Any CPU
		{C844FB96-C664-4E92-9A8D-EF4E5842F86E}.Release|Any CPU.ActiveCfg = Release|Any CPU
		{C844FB96-C664-4E92-9A8D-EF4E5842F86E}.Release|Any CPU.Build.0 = Release|Any CPU
	EndGlobalSection
	GlobalSection(SolutionProperties) = preSolution
		HideSolutionNode = FALSE
	EndGlobalSection
	GlobalSection(ExtensibilityGlobals) = postSolution
		SolutionGuid = {6656FC1D-0A96-48C3-9B1B-0D36EC9389E6}
	EndGlobalSection
EndGlobal
